
Microsoft Visual Studio Solution File, Format Version 12.00
# Visual Studio Version 16
VisualStudioVersion = 16.0.30204.135
MinimumVisualStudioVersion = 10.0.40219.1
Project("{FAE04EC0-301F-11D3-BF4B-00C04F79EFBC}") = "sample_2_5", "sample_2_5\sample_2_5.csproj", "{AF8DF6ED-EF0C-409E-B641-C905E786DF1B}"
EndProject
Global
	GlobalSection(SolutionConfigurationPlatforms) = preSolution
		Debug|Any CPU = Debug|Any CPU
		Release|Any CPU = Release|Any CPU
	EndGlobalSection
	GlobalSection(ProjectConfigurationPlatforms) = postSolution
		{AF8DF6ED-EF0C-409E-B641-C905E786DF1B}.Debug|Any CPU.ActiveCfg = Debug|Any CPU
		{AF8DF6ED-EF0C-409E-B641-C905E786DF1B}.Debug|Any CPU.Build.0 = Debug|Any CPU
		{AF8DF6ED-EF0C-409E-B641-C905E786DF1B}.Release|Any CPU.ActiveCfg = Release|Any CPU
		{AF8DF6ED-EF0C-409E-B641-C905E786DF1B}.Release|Any CPU.Build.0 = Release|Any CPU
	EndGlobalSection
	GlobalSection(SolutionProperties) = preSolution
		HideSolutionNode = FALSE
	EndGlobalSection
	GlobalSection(ExtensibilityGlobals) = postSolution
		SolutionGuid = {972D8560-1364-4FD3-8387-2353A24946E3}
	EndGlobalSection
EndGlobal
