
Microsoft Visual Studio Solution File, Format Version 12.00
# Visual Studio Version 16
VisualStudioVersion = 16.0.30204.135
MinimumVisualStudioVersion = 10.0.40219.1
Project("{FAE04EC0-301F-11D3-BF4B-00C04F79EFBC}") = "sample_5_13", "sample_5_13\sample_5_13.csproj", "{5308CB28-B0D9-4152-B3C8-9F64177070DC}"
EndProject
Global
	GlobalSection(SolutionConfigurationPlatforms) = preSolution
		Debug|Any CPU = Debug|Any CPU
		Release|Any CPU = Release|Any CPU
	EndGlobalSection
	GlobalSection(ProjectConfigurationPlatforms) = postSolution
		{5308CB28-B0D9-4152-B3C8-9F64177070DC}.Debug|Any CPU.ActiveCfg = Debug|Any CPU
		{5308CB28-B0D9-4152-B3C8-9F64177070DC}.Debug|Any CPU.Build.0 = Debug|Any CPU
		{5308CB28-B0D9-4152-B3C8-9F64177070DC}.Release|Any CPU.ActiveCfg = Release|Any CPU
		{5308CB28-B0D9-4152-B3C8-9F64177070DC}.Release|Any CPU.Build.0 = Release|Any CPU
	EndGlobalSection
	GlobalSection(SolutionProperties) = preSolution
		HideSolutionNode = FALSE
	EndGlobalSection
	GlobalSection(ExtensibilityGlobals) = postSolution
		SolutionGuid = {43C64931-B4C0-4364-BD70-8390B01201D5}
	EndGlobalSection
EndGlobal
