
Microsoft Visual Studio Solution File, Format Version 12.00
# Visual Studio Version 16
VisualStudioVersion = 16.0.30204.135
MinimumVisualStudioVersion = 10.0.40219.1
Project("{FAE04EC0-301F-11D3-BF4B-00C04F79EFBC}") = "sample_5_15", "sample_5_15\sample_5_15.csproj", "{A812C1E7-0F29-491C-87AF-89CA4600930B}"
EndProject
Global
	GlobalSection(SolutionConfigurationPlatforms) = preSolution
		Debug|Any CPU = Debug|Any CPU
		Release|Any CPU = Release|Any CPU
	EndGlobalSection
	GlobalSection(ProjectConfigurationPlatforms) = postSolution
		{A812C1E7-0F29-491C-87AF-89CA4600930B}.Debug|Any CPU.ActiveCfg = Debug|Any CPU
		{A812C1E7-0F29-491C-87AF-89CA4600930B}.Debug|Any CPU.Build.0 = Debug|Any CPU
		{A812C1E7-0F29-491C-87AF-89CA4600930B}.Release|Any CPU.ActiveCfg = Release|Any CPU
		{A812C1E7-0F29-491C-87AF-89CA4600930B}.Release|Any CPU.Build.0 = Release|Any CPU
	EndGlobalSection
	GlobalSection(SolutionProperties) = preSolution
		HideSolutionNode = FALSE
	EndGlobalSection
	GlobalSection(ExtensibilityGlobals) = postSolution
		SolutionGuid = {714FA35C-0319-4470-B6DA-D5A0325BE719}
	EndGlobalSection
EndGlobal
